// !$*UTF8*$!
{
	archiveVersion = 1;
	classes = {
	};
	objectVersion = 56;
	objects = {

/* Begin PBXBuildFile section */
		A39D0DD32AD90F180017F1A0 /* NothingApp.swift in Sources */ = {isa = PBXBuildFile; fileRef = A39D0DD22AD90F180017F1A0 /* NothingApp.swift */; };
		A39D0DD52AD90F180017F1A0 /* ContentView.swift in Sources */ = {isa = PBXBuildFile; fileRef = A39D0DD42AD90F180017F1A0 /* ContentView.swift */; };
		A39D0DD72AD90F1A0017F1A0 /* Assets.xcassets in Resources */ = {isa = PBXBuildFile; fileRef = A39D0DD62AD90F1A0017F1A0 /* Assets.xcassets */; };
		A39D0DDA2AD90F1A0017F1A0 /* Preview Assets.xcassets in Resources */ = {isa = PBXBuildFile; fileRef = A39D0DD92AD90F1A0017F1A0 /* Preview Assets.xcassets */; };
		A39D0DE42AD90F1A0017F1A0 /* NothingTests.swift in Sources */ = {isa = PBXBuildFile; fileRef = A39D0DE32AD90F1A0017F1A0 /* NothingTests.swift */; };
		A39D0DEE2AD90F1A0017F1A0 /* NothingUITests.swift in Sources */ = {isa = PBXBuildFile; fileRef = A39D0DED2AD90F1A0017F1A0 /* NothingUITests.swift */; };
		A39D0DF02AD90F1A0017F1A0 /* NothingUITestsLaunchTests.swift in Sources */ = {isa = PBXBuildFile; fileRef = A39D0DEF2AD90F1A0017F1A0 /* NothingUITestsLaunchTests.swift */; };
/* End PBXBuildFile section */

/* Begin PBXContainerItemProxy section */
		A39D0DE02AD90F1A0017F1A0 /* PBXContainerItemProxy */ = {
			isa = PBXContainerItemProxy;
			containerPortal = A39D0DC72AD90F180017F1A0 /* Project object */;
			proxyType = 1;
			remoteGlobalIDString = A39D0DCE2AD90F180017F1A0;
			remoteInfo = Nothing;
		};
		A39D0DEA2AD90F1A0017F1A0 /* PBXContainerItemProxy */ = {
			isa = PBXContainerItemProxy;
			containerPortal = A39D0DC72AD90F180017F1A0 /* Project object */;
			proxyType = 1;
			remoteGlobalIDString = A39D0DCE2AD90F180017F1A0;
			remoteInfo = Nothing;
		};
/* End PBXContainerItemProxy section */

/* Begin PBXFileReference section */
		A39D0DCF2AD90F180017F1A0 /* Nothing.app */ = {isa = PBXFileReference; explicitFileType = wrapper.application; includeInIndex = 0; path = Nothing.app; sourceTree = BUILT_PRODUCTS_DIR; };
		A39D0DD22AD90F180017F1A0 /* NothingApp.swift */ = {isa = PBXFileReference; lastKnownFileType = sourcecode.swift; path = NothingApp.swift; sourceTree = "<group>"; };
		A39D0DD42AD90F180017F1A0 /* ContentView.swift */ = {isa = PBXFileReference; lastKnownFileType = sourcecode.swift; path = ContentView.swift; sourceTree = "<group>"; };
		A39D0DD62AD90F1A0017F1A0 /* Assets.xcassets */ = {isa = PBXFileReference; lastKnownFileType = folder.assetcatalog; path = Assets.xcassets; sourceTree = "<group>"; };
		A39D0DD92AD90F1A0017F1A0 /* Preview Assets.xcassets */ = {isa = PBXFileReference; lastKnownFileType = folder.assetcatalog; path = "Preview Assets.xcassets"; sourceTree = "<group>"; };
		A39D0DDF2AD90F1A0017F1A0 /* NothingTests.xctest */ = {isa = PBXFileReference; explicitFileType = wrapper.cfbundle; includeInIndex = 0; path = NothingTests.xctest; sourceTree = BUILT_PRODUCTS_DIR; };
		A39D0DE32AD90F1A0017F1A0 /* NothingTests.swift */ = {isa = PBXFileReference; lastKnownFileType = sourcecode.swift; path = NothingTests.swift; sourceTree = "<group>"; };
		A39D0DE92AD90F1A0017F1A0 /* NothingUITests.xctest */ = {isa = PBXFileReference; explicitFileType = wrapper.cfbundle; includeInIndex = 0; path = NothingUITests.xctest; sourceTree = BUILT_PRODUCTS_DIR; };
		A39D0DED2AD90F1A0017F1A0 /* NothingUITests.swift */ = {isa = PBXFileReference; lastKnownFileType = sourcecode.swift; path = NothingUITests.swift; sourceTree = "<group>"; };
		A39D0DEF2AD90F1A0017F1A0 /* NothingUITestsLaunchTests.swift */ = {isa = PBXFileReference; lastKnownFileType = sourcecode.swift; path = NothingUITestsLaunchTests.swift; sourceTree = "<group>"; };
/* End PBXFileReference section */

/* Begin PBXFrameworksBuildPhase section */
		A39D0DCC2AD90F180017F1A0 /* Frameworks */ = {
			isa = PBXFrameworksBuildPhase;
			buildActionMask = 2147483647;
			files = (
			);
			runOnlyForDeploymentPostprocessing = 0;
		};
		A39D0DDC2AD90F1A0017F1A0 /* Frameworks */ = {
			isa = PBXFrameworksBuildPhase;
			buildActionMask = 2147483647;
			files = (
			);
			runOnlyForDeploymentPostprocessing = 0;
		};
		A39D0DE62AD90F1A0017F1A0 /* Frameworks */ = {
			isa = PBXFrameworksBuildPhase;
			buildActionMask = 2147483647;
			files = (
			);
			runOnlyForDeploymentPostprocessing = 0;
		};
/* End PBXFrameworksBuildPhase section */

/* Begin PBXGroup section */
		A39D0DC62AD90F180017F1A0 = {
			isa = PBXGroup;
			children = (
				A39D0DD12AD90F180017F1A0 /* Nothing */,
				A39D0DE22AD90F1A0017F1A0 /* NothingTests */,
				A39D0DEC2AD90F1A0017F1A0 /* NothingUITests */,
				A39D0DD02AD90F180017F1A0 /* Products */,
			);
			sourceTree = "<group>";
		};
		A39D0DD02AD90F180017F1A0 /* Products */ = {
			isa = PBXGroup;
			children = (
				A39D0DCF2AD90F180017F1A0 /* Nothing.app */,
				A39D0DDF2AD90F1A0017F1A0 /* NothingTests.xctest */,
				A39D0DE92AD90F1A0017F1A0 /* NothingUITests.xctest */,
			);
			name = Products;
			sourceTree = "<group>";
		};
		A39D0DD12AD90F180017F1A0 /* Nothing */ = {
			isa = PBXGroup;
			children = (
				A39D0DD22AD90F180017F1A0 /* NothingApp.swift */,
				A39D0DD42AD90F180017F1A0 /* ContentView.swift */,
				A39D0DD62AD90F1A0017F1A0 /* Assets.xcassets */,
				A39D0DD82AD90F1A0017F1A0 /* Preview Content */,
			);
			path = Nothing;
			sourceTree = "<group>";
		};
		A39D0DD82AD90F1A0017F1A0 /* Preview Content */ = {
			isa = PBXGroup;
			children = (
				A39D0DD92AD90F1A0017F1A0 /* Preview Assets.xcassets */,
			);
			path = "Preview Content";
			sourceTree = "<group>";
		};
		A39D0DE22AD90F1A0017F1A0 /* NothingTests */ = {
			isa = PBXGroup;
			children = (
				A39D0DE32AD90F1A0017F1A0 /* NothingTests.swift */,
			);
			path = NothingTests;
			sourceTree = "<group>";
		};
		A39D0DEC2AD90F1A0017F1A0 /* NothingUITests */ = {
			isa = PBXGroup;
			children = (
				A39D0DED2AD90F1A0017F1A0 /* NothingUITests.swift */,
				A39D0DEF2AD90F1A0017F1A0 /* NothingUITestsLaunchTests.swift */,
			);
			path = NothingUITests;
			sourceTree = "<group>";
		};
/* End PBXGroup section */

/* Begin PBXNativeTarget section */
		A39D0DCE2AD90F180017F1A0 /* Nothing */ = {
			isa = PBXNativeTarget;
			buildConfigurationList = A39D0DF32AD90F1A0017F1A0 /* Build configuration list for PBXNativeTarget "Nothing" */;
			buildPhases = (
				A39D0DCB2AD90F180017F1A0 /* Sources */,
				A39D0DCC2AD90F180017F1A0 /* Frameworks */,
				A39D0DCD2AD90F180017F1A0 /* Resources */,
			);
			buildRules = (
			);
			dependencies = (
			);
			name = Nothing;
			productName = Nothing;
			productReference = A39D0DCF2AD90F180017F1A0 /* Nothing.app */;
			productType = "com.apple.product-type.application";
		};
		A39D0DDE2AD90F1A0017F1A0 /* NothingTests */ = {
			isa = PBXNativeTarget;
			buildConfigurationList = A39D0DF62AD90F1A0017F1A0 /* Build configuration list for PBXNativeTarget "NothingTests" */;
			buildPhases = (
				A39D0DDB2AD90F1A0017F1A0 /* Sources */,
				A39D0DDC2AD90F1A0017F1A0 /* Frameworks */,
				A39D0DDD2AD90F1A0017F1A0 /* Resources */,
			);
			buildRules = (
			);
			dependencies = (
				A39D0DE12AD90F1A0017F1A0 /* PBXTargetDependency */,
			);
			name = NothingTests;
			productName = NothingTests;
			productReference = A39D0DDF2AD90F1A0017F1A0 /* NothingTests.xctest */;
			productType = "com.apple.product-type.bundle.unit-test";
		};
		A39D0DE82AD90F1A0017F1A0 /* NothingUITests */ = {
			isa = PBXNativeTarget;
			buildConfigurationList = A39D0DF92AD90F1A0017F1A0 /* Build configuration list for PBXNativeTarget "NothingUITests" */;
			buildPhases = (
				A39D0DE52AD90F1A0017F1A0 /* Sources */,
				A39D0DE62AD90F1A0017F1A0 /* Frameworks */,
				A39D0DE72AD90F1A0017F1A0 /* Resources */,
			);
			buildRules = (
			);
			dependencies = (
				A39D0DEB2AD90F1A0017F1A0 /* PBXTargetDependency */,
			);
			name = NothingUITests;
			productName = NothingUITests;
			productReference = A39D0DE92AD90F1A0017F1A0 /* NothingUITests.xctest */;
			productType = "com.apple.product-type.bundle.ui-testing";
		};
/* End PBXNativeTarget section */

/* Begin PBXProject section */
		A39D0DC72AD90F180017F1A0 /* Project object */ = {
			isa = PBXProject;
			attributes = {
				BuildIndependentTargetsInParallel = 1;
				LastSwiftUpdateCheck = 1500;
				LastUpgradeCheck = 1500;
				TargetAttributes = {
					A39D0DCE2AD90F180017F1A0 = {
						CreatedOnToolsVersion = 15.0;
					};
					A39D0DDE2AD90F1A0017F1A0 = {
						CreatedOnToolsVersion = 15.0;
						TestTargetID = A39D0DCE2AD90F180017F1A0;
					};
					A39D0DE82AD90F1A0017F1A0 = {
						CreatedOnToolsVersion = 15.0;
						TestTargetID = A39D0DCE2AD90F180017F1A0;
					};
				};
			};
			buildConfigurationList = A39D0DCA2AD90F180017F1A0 /* Build configuration list for PBXProject "Nothing" */;
			compatibilityVersion = "Xcode 14.0";
			developmentRegion = en;
			hasScannedForEncodings = 0;
			knownRegions = (
				en,
				Base,
			);
			mainGroup = A39D0DC62AD90F180017F1A0;
			productRefGroup = A39D0DD02AD90F180017F1A0 /* Products */;
			projectDirPath = "";
			projectRoot = "";
			targets = (
				A39D0DCE2AD90F180017F1A0 /* Nothing */,
				A39D0DDE2AD90F1A0017F1A0 /* NothingTests */,
				A39D0DE82AD90F1A0017F1A0 /* NothingUITests */,
			);
		};
/* End PBXProject section */

/* Begin PBXResourcesBuildPhase section */
		A39D0DCD2AD90F180017F1A0 /* Resources */ = {
			isa = PBXResourcesBuildPhase;
			buildActionMask = 2147483647;
			files = (
				A39D0DDA2AD90F1A0017F1A0 /* Preview Assets.xcassets in Resources */,
				A39D0DD72AD90F1A0017F1A0 /* Assets.xcassets in Resources */,
			);
			runOnlyForDeploymentPostprocessing = 0;
		};
		A39D0DDD2AD90F1A0017F1A0 /* Resources */ = {
			isa = PBXResourcesBuildPhase;
			buildActionMask = 2147483647;
			files = (
			);
			runOnlyForDeploymentPostprocessing = 0;
		};
		A39D0DE72AD90F1A0017F1A0 /* Resources */ = {
			isa = PBXResourcesBuildPhase;
			buildActionMask = 2147483647;
			files = (
			);
			runOnlyForDeploymentPostprocessing = 0;
		};
/* End PBXResourcesBuildPhase section */

/* Begin PBXSourcesBuildPhase section */
		A39D0DCB2AD90F180017F1A0 /* Sources */ = {
			isa = PBXSourcesBuildPhase;
			buildActionMask = 2147483647;
			files = (
				A39D0DD52AD90F180017F1A0 /* ContentView.swift in Sources */,
				A39D0DD32AD90F180017F1A0 /* NothingApp.swift in Sources */,
			);
			runOnlyForDeploymentPostprocessing = 0;
		};
		A39D0DDB2AD90F1A0017F1A0 /* Sources */ = {
			isa = PBXSourcesBuildPhase;
			buildActionMask = 2147483647;
			files = (
				A39D0DE42AD90F1A0017F1A0 /* NothingTests.swift in Sources */,
			);
			runOnlyForDeploymentPostprocessing = 0;
		};
		A39D0DE52AD90F1A0017F1A0 /* Sources */ = {
			isa = PBXSourcesBuildPhase;
			buildActionMask = 2147483647;
			files = (
				A39D0DF02AD90F1A0017F1A0 /* NothingUITestsLaunchTests.swift in Sources */,
				A39D0DEE2AD90F1A0017F1A0 /* NothingUITests.swift in Sources */,
			);
			runOnlyForDeploymentPostprocessing = 0;
		};
/* End PBXSourcesBuildPhase section */

/* Begin PBXTargetDependency section */
		A39D0DE12AD90F1A0017F1A0 /* PBXTargetDependency */ = {
			isa = PBXTargetDependency;
			target = A39D0DCE2AD90F180017F1A0 /* Nothing */;
			targetProxy = A39D0DE02AD90F1A0017F1A0 /* PBXContainerItemProxy */;
		};
		A39D0DEB2AD90F1A0017F1A0 /* PBXTargetDependency */ = {
			isa = PBXTargetDependency;
			target = A39D0DCE2AD90F180017F1A0 /* Nothing */;
			targetProxy = A39D0DEA2AD90F1A0017F1A0 /* PBXContainerItemProxy */;
		};
/* End PBXTargetDependency section */

/* Begin XCBuildConfiguration section */
		A39D0DF12AD90F1A0017F1A0 /* Debug */ = {
			isa = XCBuildConfiguration;
			buildSettings = {
				ALWAYS_SEARCH_USER_PATHS = NO;
				ASSETCATALOG_COMPILER_GENERATE_SWIFT_ASSET_SYMBOL_EXTENSIONS = YES;
				CLANG_ANALYZER_NONNULL = YES;
				CLANG_ANALYZER_NUMBER_OBJECT_CONVERSION = YES_AGGRESSIVE;
				CLANG_CXX_LANGUAGE_STANDARD = "gnu++20";
				CLANG_ENABLE_MODULES = YES;
				CLANG_ENABLE_OBJC_ARC = YES;
				CLANG_ENABLE_OBJC_WEAK = YES;
				CLANG_WARN_BLOCK_CAPTURE_AUTORELEASING = YES;
				CLANG_WARN_BOOL_CONVERSION = YES;
				CLANG_WARN_COMMA = YES;
				CLANG_WARN_CONSTANT_CONVERSION = YES;
				CLANG_WARN_DEPRECATED_OBJC_IMPLEMENTATIONS = YES;
				CLANG_WARN_DIRECT_OBJC_ISA_USAGE = YES_ERROR;
				CLANG_WARN_DOCUMENTATION_COMMENTS = YES;
				CLANG_WARN_EMPTY_BODY = YES;
				CLANG_WARN_ENUM_CONVERSION = YES;
				CLANG_WARN_INFINITE_RECURSION = YES;
				CLANG_WARN_INT_CONVERSION = YES;
				CLANG_WARN_NON_LITERAL_NULL_CONVERSION = YES;
				CLANG_WARN_OBJC_IMPLICIT_RETAIN_SELF = YES;
				CLANG_WARN_OBJC_LITERAL_CONVERSION = YES;
				CLANG_WARN_OBJC_ROOT_CLASS = YES_ERROR;
				CLANG_WARN_QUOTED_INCLUDE_IN_FRAMEWORK_HEADER = YES;
				CLANG_WARN_RANGE_LOOP_ANALYSIS = YES;
				CLANG_WARN_STRICT_PROTOTYPES = YES;
				CLANG_WARN_SUSPICIOUS_MOVE = YES;
				CLANG_WARN_UNGUARDED_AVAILABILITY = YES_AGGRESSIVE;
				CLANG_WARN_UNREACHABLE_CODE = YES;
				CLANG_WARN__DUPLICATE_METHOD_MATCH = YES;
				COPY_PHASE_STRIP = NO;
				DEBUG_INFORMATION_FORMAT = dwarf;
				ENABLE_STRICT_OBJC_MSGSEND = YES;
				ENABLE_TESTABILITY = YES;
				ENABLE_USER_SCRIPT_SANDBOXING = YES;
				GCC_C_LANGUAGE_STANDARD = gnu17;
				GCC_DYNAMIC_NO_PIC = NO;
				GCC_NO_COMMON_BLOCKS = YES;
				GCC_OPTIMIZATION_LEVEL = 0;
				GCC_PREPROCESSOR_DEFINITIONS = (
					"DEBUG=1",
					"$(inherited)",
				);
				GCC_WARN_64_TO_32_BIT_CONVERSION = YES;
				GCC_WARN_ABOUT_RETURN_TYPE = YES_ERROR;
				GCC_WARN_UNDECLARED_SELECTOR = YES;
				GCC_WARN_UNINITIALIZED_AUTOS = YES_AGGRESSIVE;
				GCC_WARN_UNUSED_FUNCTION = YES;
				GCC_WARN_UNUSED_VARIABLE = YES;
				IPHONEOS_DEPLOYMENT_TARGET = 17.0;
				LOCALIZATION_PREFERS_STRING_CATALOGS = YES;
				MTL_ENABLE_DEBUG_INFO = INCLUDE_SOURCE;
				MTL_FAST_MATH = YES;
				ONLY_ACTIVE_ARCH = YES;
				SDKROOT = iphoneos;
				SWIFT_ACTIVE_COMPILATION_CONDITIONS = "DEBUG $(inherited)";
				SWIFT_OPTIMIZATION_LEVEL = "-Onone";
			};
			name = Debug;
		};
		A39D0DF22AD90F1A0017F1A0 /* Release */ = {
			isa = XCBuildConfiguration;
			buildSettings = {
				ALWAYS_SEARCH_USER_PATHS = NO;
				ASSETCATALOG_COMPILER_GENERATE_SWIFT_ASSET_SYMBOL_EXTENSIONS = YES;
				CLANG_ANALYZER_NONNULL = YES;
				CLANG_ANALYZER_NUMBER_OBJECT_CONVERSION = YES_AGGRESSIVE;
				CLANG_CXX_LANGUAGE_STANDARD = "gnu++20";
				CLANG_ENABLE_MODULES = YES;
				CLANG_ENABLE_OBJC_ARC = YES;
				CLANG_ENABLE_OBJC_WEAK = YES;
				CLANG_WARN_BLOCK_CAPTURE_AUTORELEASING = YES;
				CLANG_WARN_BOOL_CONVERSION = YES;
				CLANG_WARN_COMMA = YES;
				CLANG_WARN_CONSTANT_CONVERSION = YES;
				CLANG_WARN_DEPRECATED_OBJC_IMPLEMENTATIONS = YES;
				CLANG_WARN_DIRECT_OBJC_ISA_USAGE = YES_ERROR;
				CLANG_WARN_DOCUMENTATION_COMMENTS = YES;
				CLANG_WARN_EMPTY_BODY = YES;
				CLANG_WARN_ENUM_CONVERSION = YES;
				CLANG_WARN_INFINITE_RECURSION = YES;
				CLANG_WARN_INT_CONVERSION = YES;
				CLANG_WARN_NON_LITERAL_NULL_CONVERSION = YES;
				CLANG_WARN_OBJC_IMPLICIT_RETAIN_SELF = YES;
				CLANG_WARN_OBJC_LITERAL_CONVERSION = YES;
				CLANG_WARN_OBJC_ROOT_CLASS = YES_ERROR;
				CLANG_WARN_QUOTED_INCLUDE_IN_FRAMEWORK_HEADER = YES;
				CLANG_WARN_RANGE_LOOP_ANALYSIS = YES;
				CLANG_WARN_STRICT_PROTOTYPES = YES;
				CLANG_WARN_SUSPICIOUS_MOVE = YES;
				CLANG_WARN_UNGUARDED_AVAILABILITY = YES_AGGRESSIVE;
				CLANG_WARN_UNREACHABLE_CODE = YES;
				CLANG_WARN__DUPLICATE_METHOD_MATCH = YES;
				COPY_PHASE_STRIP = NO;
				DEBUG_INFORMATION_FORMAT = "dwarf-with-dsym";
				ENABLE_NS_ASSERTIONS = NO;
				ENABLE_STRICT_OBJC_MSGSEND = YES;
				ENABLE_USER_SCRIPT_SANDBOXING = YES;
				GCC_C_LANGUAGE_STANDARD = gnu17;
				GCC_NO_COMMON_BLOCKS = YES;
				GCC_WARN_64_TO_32_BIT_CONVERSION = YES;
				GCC_WARN_ABOUT_RETURN_TYPE = YES_ERROR;
				GCC_WARN_UNDECLARED_SELECTOR = YES;
				GCC_WARN_UNINITIALIZED_AUTOS = YES_AGGRESSIVE;
				GCC_WARN_UNUSED_FUNCTION = YES;
				GCC_WARN_UNUSED_VARIABLE = YES;
				IPHONEOS_DEPLOYMENT_TARGET = 17.0;
				LOCALIZATION_PREFERS_STRING_CATALOGS = YES;
				MTL_ENABLE_DEBUG_INFO = NO;
				MTL_FAST_MATH = YES;
				SDKROOT = iphoneos;
				SWIFT_COMPILATION_MODE = wholemodule;
				VALIDATE_PRODUCT = YES;
			};
			name = Release;
		};
		A39D0DF42AD90F1A0017F1A0 /* Debug */ = {
			isa = XCBuildConfiguration;
			buildSettings = {
				ASSETCATALOG_COMPILER_APPICON_NAME = AppIcon;
				ASSETCATALOG_COMPILER_GLOBAL_ACCENT_COLOR_NAME = AccentColor;
				CODE_SIGN_STYLE = Automatic;
				CURRENT_PROJECT_VERSION = 1;
				DEVELOPMENT_ASSET_PATHS = "\"Nothing/Preview Content\"";
				ENABLE_PREVIEWS = YES;
				GENERATE_INFOPLIST_FILE = YES;
				INFOPLIST_KEY_UIApplicationSceneManifest_Generation = YES;
				INFOPLIST_KEY_UIApplicationSupportsIndirectInputEvents = YES;
				INFOPLIST_KEY_UILaunchScreen_Generation = YES;
				INFOPLIST_KEY_UISupportedInterfaceOrientations_iPad = "UIInterfaceOrientationPortrait UIInterfaceOrientationPortraitUpsideDown UIInterfaceOrientationLandscapeLeft UIInterfaceOrientationLandscapeRight";
				INFOPLIST_KEY_UISupportedInterfaceOrientations_iPhone = "UIInterfaceOrientationPortrait UIInterfaceOrientationLandscapeLeft UIInterfaceOrientationLandscapeRight";
				LD_RUNPATH_SEARCH_PATHS = (
					"$(inherited)",
					"@executable_path/Frameworks",
				);
				MARKETING_VERSION = 1.0;
				PRODUCT_BUNDLE_IDENTIFIER = com.aslinurtopcu.Nothing;
				PRODUCT_NAME = "$(TARGET_NAME)";
				SWIFT_EMIT_LOC_STRINGS = YES;
				SWIFT_VERSION = 5.0;
				TARGETED_DEVICE_FAMILY = "1,2";
			};
			name = Debug;
		};
		A39D0DF52AD90F1A0017F1A0 /* Release */ = {
			isa = XCBuildConfiguration;
			buildSettings = {
				ASSETCATALOG_COMPILER_APPICON_NAME = AppIcon;
				ASSETCATALOG_COMPILER_GLOBAL_ACCENT_COLOR_NAME = AccentColor;
				CODE_SIGN_STYLE = Automatic;
				CURRENT_PROJECT_VERSION = 1;
				DEVELOPMENT_ASSET_PATHS = "\"Nothing/Preview Content\"";
				ENABLE_PREVIEWS = YES;
				GENERATE_INFOPLIST_FILE = YES;
				INFOPLIST_KEY_UIApplicationSceneManifest_Generation = YES;
				INFOPLIST_KEY_UIApplicationSupportsIndirectInputEvents = YES;
				INFOPLIST_KEY_UILaunchScreen_Generation = YES;
				INFOPLIST_KEY_UISupportedInterfaceOrientations_iPad = "UIInterfaceOrientationPortrait UIInterfaceOrientationPortraitUpsideDown UIInterfaceOrientationLandscapeLeft UIInterfaceOrientationLandscapeRight";
				INFOPLIST_KEY_UISupportedInterfaceOrientations_iPhone = "UIInterfaceOrientationPortrait UIInterfaceOrientationLandscapeLeft UIInterfaceOrientationLandscapeRight";
				LD_RUNPATH_SEARCH_PATHS = (
					"$(inherited)",
					"@executable_path/Frameworks",
				);
				MARKETING_VERSION = 1.0;
				PRODUCT_BUNDLE_IDENTIFIER = com.aslinurtopcu.Nothing;
				PRODUCT_NAME = "$(TARGET_NAME)";
				SWIFT_EMIT_LOC_STRINGS = YES;
				SWIFT_VERSION = 5.0;
				TARGETED_DEVICE_FAMILY = "1,2";
			};
			name = Release;
		};
		A39D0DF72AD90F1A0017F1A0 /* Debug */ = {
			isa = XCBuildConfiguration;
			buildSettings = {
				ALWAYS_EMBED_SWIFT_STANDARD_LIBRARIES = YES;
				BUNDLE_LOADER = "$(TEST_HOST)";
				CODE_SIGN_STYLE = Automatic;
				CURRENT_PROJECT_VERSION = 1;
				GENERATE_INFOPLIST_FILE = YES;
				IPHONEOS_DEPLOYMENT_TARGET = 17.0;
				MARKETING_VERSION = 1.0;
				PRODUCT_BUNDLE_IDENTIFIER = com.aslinurtopcu.NothingTests;
				PRODUCT_NAME = "$(TARGET_NAME)";
				SWIFT_EMIT_LOC_STRINGS = NO;
				SWIFT_VERSION = 5.0;
				TARGETED_DEVICE_FAMILY = "1,2";
				TEST_HOST = "$(BUILT_PRODUCTS_DIR)/Nothing.app/$(BUNDLE_EXECUTABLE_FOLDER_PATH)/Nothing";
			};
			name = Debug;
		};
		A39D0DF82AD90F1A0017F1A0 /* Release */ = {
			isa = XCBuildConfiguration;
			buildSettings = {
				ALWAYS_EMBED_SWIFT_STANDARD_LIBRARIES = YES;
				BUNDLE_LOADER = "$(TEST_HOST)";
				CODE_SIGN_STYLE = Automatic;
				CURRENT_PROJECT_VERSION = 1;
				GENERATE_INFOPLIST_FILE = YES;
				IPHONEOS_DEPLOYMENT_TARGET = 17.0;
				MARKETING_VERSION = 1.0;
				PRODUCT_BUNDLE_IDENTIFIER = com.aslinurtopcu.NothingTests;
				PRODUCT_NAME = "$(TARGET_NAME)";
				SWIFT_EMIT_LOC_STRINGS = NO;
				SWIFT_VERSION = 5.0;
				TARGETED_DEVICE_FAMILY = "1,2";
				TEST_HOST = "$(BUILT_PRODUCTS_DIR)/Nothing.app/$(BUNDLE_EXECUTABLE_FOLDER_PATH)/Nothing";
			};
			name = Release;
		};
		A39D0DFA2AD90F1A0017F1A0 /* Debug */ = {
			isa = XCBuildConfiguration;
			buildSettings = {
				ALWAYS_EMBED_SWIFT_STANDARD_LIBRARIES = YES;
				CODE_SIGN_STYLE = Automatic;
				CURRENT_PROJECT_VERSION = 1;
				GENERATE_INFOPLIST_FILE = YES;
				MARKETING_VERSION = 1.0;
				PRODUCT_BUNDLE_IDENTIFIER = com.aslinurtopcu.NothingUITests;
				PRODUCT_NAME = "$(TARGET_NAME)";
				SWIFT_EMIT_LOC_STRINGS = NO;
				SWIFT_VERSION = 5.0;
				TARGETED_DEVICE_FAMILY = "1,2";
				TEST_TARGET_NAME = Nothing;
			};
			name = Debug;
		};
		A39D0DFB2AD90F1A0017F1A0 /* Release */ = {
			isa = XCBuildConfiguration;
			buildSettings = {
				ALWAYS_EMBED_SWIFT_STANDARD_LIBRARIES = YES;
				CODE_SIGN_STYLE = Automatic;
				CURRENT_PROJECT_VERSION = 1;
				GENERATE_INFOPLIST_FILE = YES;
				MARKETING_VERSION = 1.0;
				PRODUCT_BUNDLE_IDENTIFIER = com.aslinurtopcu.NothingUITests;
				PRODUCT_NAME = "$(TARGET_NAME)";
				SWIFT_EMIT_LOC_STRINGS = NO;
				SWIFT_VERSION = 5.0;
				TARGETED_DEVICE_FAMILY = "1,2";
				TEST_TARGET_NAME = Nothing;
			};
			name = Release;
		};
/* End XCBuildConfiguration section */

/* Begin XCConfigurationList section */
		A39D0DCA2AD90F180017F1A0 /* Build configuration list for PBXProject "Nothing" */ = {
			isa = XCConfigurationList;
			buildConfigurations = (
				A39D0DF12AD90F1A0017F1A0 /* Debug */,
				A39D0DF22AD90F1A0017F1A0 /* Release */,
			);
			defaultConfigurationIsVisible = 0;
			defaultConfigurationName = Release;
		};
		A39D0DF32AD90F1A0017F1A0 /* Build configuration list for PBXNativeTarget "Nothing" */ = {
			isa = XCConfigurationList;
			buildConfigurations = (
				A39D0DF42AD90F1A0017F1A0 /* Debug */,
				A39D0DF52AD90F1A0017F1A0 /* Release */,
			);
			defaultConfigurationIsVisible = 0;
			defaultConfigurationName = Release;
		};
		A39D0DF62AD90F1A0017F1A0 /* Build configuration list for PBXNativeTarget "NothingTests" */ = {
			isa = XCConfigurationList;
			buildConfigurations = (
				A39D0DF72AD90F1A0017F1A0 /* Debug */,
				A39D0DF82AD90F1A0017F1A0 /* Release */,
			);
			defaultConfigurationIsVisible = 0;
			defaultConfigurationName = Release;
		};
		A39D0DF92AD90F1A0017F1A0 /* Build configuration list for PBXNativeTarget "NothingUITests" */ = {
			isa = XCConfigurationList;
			buildConfigurations = (
				A39D0DFA2AD90F1A0017F1A0 /* Debug */,
				A39D0DFB2AD90F1A0017F1A0 /* Release */,
			);
			defaultConfigurationIsVisible = 0;
			defaultConfigurationName = Release;
		};
/* End XCConfigurationList section */
	};
	rootObject = A39D0DC72AD90F180017F1A0 /* Project object */;
}
